
Microsoft Visual Studio Solution File, Format Version 12.00
# Visual Studio Version 16
VisualStudioVersion = 16.0.31005.135
MinimumVisualStudioVersion = 10.0.40219.1
Project("{9A19103F-16F7-4668-BE54-9A1E7A4F7556}") = "DataAccess", "DataAccess\DataAccess.csproj", "{724AC899-EA64-44C2-B5B7-A2377F0E297A}"
EndProject
Project("{9A19103F-16F7-4668-BE54-9A1E7A4F7556}") = "Business", "Business\Business.csproj", "{9DD947B6-834E-4C11-BC04-DC5D246C4AF8}"
EndProject
Project("{9A19103F-16F7-4668-BE54-9A1E7A4F7556}") = "Entities", "Entities\Entities.csproj", "{80CC0DF3-1B54-4277-B8E9-8392AB1DD52A}"
EndProject
Project("{9A19103F-16F7-4668-BE54-9A1E7A4F7556}") = "ConsoleUI", "ConsoleUI\ConsoleUI.csproj", "{89006A65-3677-4D23-8CB3-68D3BD40E1E8}"
EndProject
Project("{9A19103F-16F7-4668-BE54-9A1E7A4F7556}") = "Core", "Core\Core.csproj", "{AE9A39C5-3E28-4397-B492-CF2003AE9088}"
EndProject
Project("{FAE04EC0-301F-11D3-BF4B-00C04F79EFBC}") = "WebAPI", "WebAPI\WebAPI.csproj", "{E878E42C-028B-4DF4-9189-60F74C5FDB62}"
EndProject
Global
	GlobalSection(SolutionConfigurationPlatforms) = preSolution
		Debug|Any CPU = Debug|Any CPU
		Release|Any CPU = Release|Any CPU
	EndGlobalSection
	GlobalSection(ProjectConfigurationPlatforms) = postSolution
		{724AC899-EA64-44C2-B5B7-A2377F0E297A}.Debug|Any CPU.ActiveCfg = Debug|Any CPU
		{724AC899-EA64-44C2-B5B7-A2377F0E297A}.Debug|Any CPU.Build.0 = Debug|Any CPU
		{724AC899-EA64-44C2-B5B7-A2377F0E297A}.Release|Any CPU.ActiveCfg = Release|Any CPU
		{724AC899-EA64-44C2-B5B7-A2377F0E297A}.Release|Any CPU.Build.0 = Release|Any CPU
		{9DD947B6-834E-4C11-BC04-DC5D246C4AF8}.Debug|Any CPU.ActiveCfg = Debug|Any CPU
		{9DD947B6-834E-4C11-BC04-DC5D246C4AF8}.Debug|Any CPU.Build.0 = Debug|Any CPU
		{9DD947B6-834E-4C11-BC04-DC5D246C4AF8}.Release|Any CPU.ActiveCfg = Release|Any CPU
		{9DD947B6-834E-4C11-BC04-DC5D246C4AF8}.Release|Any CPU.Build.0 = Release|Any CPU
		{80CC0DF3-1B54-4277-B8E9-8392AB1DD52A}.Debug|Any CPU.ActiveCfg = Debug|Any CPU
		{80CC0DF3-1B54-4277-B8E9-8392AB1DD52A}.Debug|Any CPU.Build.0 = Debug|Any CPU
		{80CC0DF3-1B54-4277-B8E9-8392AB1DD52A}.Release|Any CPU.ActiveCfg = Release|Any CPU
		{80CC0DF3-1B54-4277-B8E9-8392AB1DD52A}.Release|Any CPU.Build.0 = Release|Any CPU
		{89006A65-3677-4D23-8CB3-68D3BD40E1E8}.Debug|Any CPU.ActiveCfg = Debug|Any CPU
		{89006A65-3677-4D23-8CB3-68D3BD40E1E8}.Debug|Any CPU.Build.0 = Debug|Any CPU
		{89006A65-3677-4D23-8CB3-68D3BD40E1E8}.Release|Any CPU.ActiveCfg = Release|Any CPU
		{89006A65-3677-4D23-8CB3-68D3BD40E1E8}.Release|Any CPU.Build.0 = Release|Any CPU
		{AE9A39C5-3E28-4397-B492-CF2003AE9088}.Debug|Any CPU.ActiveCfg = Debug|Any CPU
		{AE9A39C5-3E28-4397-B492-CF2003AE9088}.Debug|Any CPU.Build.0 = Debug|Any CPU
		{AE9A39C5-3E28-4397-B492-CF2003AE9088}.Release|Any CPU.ActiveCfg = Release|Any CPU
		{AE9A39C5-3E28-4397-B492-CF2003AE9088}.Release|Any CPU.Build.0 = Release|Any CPU
		{E878E42C-028B-4DF4-9189-60F74C5FDB62}.Debug|Any CPU.ActiveCfg = Debug|Any CPU
		{E878E42C-028B-4DF4-9189-60F74C5FDB62}.Debug|Any CPU.Build.0 = Debug|Any CPU
		{E878E42C-028B-4DF4-9189-60F74C5FDB62}.Release|Any CPU.ActiveCfg = Release|Any CPU
		{E878E42C-028B-4DF4-9189-60F74C5FDB62}.Release|Any CPU.Build.0 = Release|Any CPU
	EndGlobalSection
	GlobalSection(SolutionProperties) = preSolution
		HideSolutionNode = FALSE
	EndGlobalSection
	GlobalSection(ExtensibilityGlobals) = postSolution
		SolutionGuid = {5EE8EC03-78A7-4FB4-B618-32B29D9DE1E9}
	EndGlobalSection
EndGlobal
